
Microsoft Visual Studio Solution File, Format Version 11.00
# Visual Studio 2010
Project("{8BC9CEB8-8B4A-11D0-8D11-00A0C91BC942}") = "peter_02_07", "peter_02_07\peter_02_07.vcxproj", "{D599C4E7-F4AB-488C-B660-54F2FA6A9DAA}"
EndProject
Global
	GlobalSection(SolutionConfigurationPlatforms) = preSolution
		Debug|Win32 = Debug|Win32
		Release|Win32 = Release|Win32
	EndGlobalSection
	GlobalSection(ProjectConfigurationPlatforms) = postSolution
		{D599C4E7-F4AB-488C-B660-54F2FA6A9DAA}.Debug|Win32.ActiveCfg = Debug|Win32
		{D599C4E7-F4AB-488C-B660-54F2FA6A9DAA}.Debug|Win32.Build.0 = Debug|Win32
		{D599C4E7-F4AB-488C-B660-54F2FA6A9DAA}.Release|Win32.ActiveCfg = Release|Win32
		{D599C4E7-F4AB-488C-B660-54F2FA6A9DAA}.Release|Win32.Build.0 = Release|Win32
	EndGlobalSection
	GlobalSection(SolutionProperties) = preSolution
		HideSolutionNode = FALSE
	EndGlobalSection
EndGlobal
