
Microsoft Visual Studio Solution File, Format Version 11.00
# Visual Studio 2010
Project("{8BC9CEB8-8B4A-11D0-8D11-00A0C91BC942}") = "peter_02_29", "peter_02_29\peter_02_29.vcxproj", "{D9E72B41-0E2A-4EA1-86F5-C4981633A9AA}"
EndProject
Global
	GlobalSection(SolutionConfigurationPlatforms) = preSolution
		Debug|Win32 = Debug|Win32
		Release|Win32 = Release|Win32
	EndGlobalSection
	GlobalSection(ProjectConfigurationPlatforms) = postSolution
		{D9E72B41-0E2A-4EA1-86F5-C4981633A9AA}.Debug|Win32.ActiveCfg = Debug|Win32
		{D9E72B41-0E2A-4EA1-86F5-C4981633A9AA}.Debug|Win32.Build.0 = Debug|Win32
		{D9E72B41-0E2A-4EA1-86F5-C4981633A9AA}.Release|Win32.ActiveCfg = Release|Win32
		{D9E72B41-0E2A-4EA1-86F5-C4981633A9AA}.Release|Win32.Build.0 = Release|Win32
	EndGlobalSection
	GlobalSection(SolutionProperties) = preSolution
		HideSolutionNode = FALSE
	EndGlobalSection
EndGlobal
